
Microsoft Visual Studio Solution File, Format Version 12.00
# Visual Studio Version 17
VisualStudioVersion = 17.2.32526.322
MinimumVisualStudioVersion = 10.0.40219.1
Project("{FAE04EC0-301F-11D3-BF4B-00C04F79EFBC}") = "WinFormsApp2", "WinFormsApp2\WinFormsApp2.csproj", "{B27E87F0-78A1-4587-9731-F78F5043B1FF}"
EndProject
Global
	GlobalSection(SolutionConfigurationPlatforms) = preSolution
		Debug|Any CPU = Debug|Any CPU
		Release|Any CPU = Release|Any CPU
	EndGlobalSection
	GlobalSection(ProjectConfigurationPlatforms) = postSolution
		{B27E87F0-78A1-4587-9731-F78F5043B1FF}.Debug|Any CPU.ActiveCfg = Debug|Any CPU
		{B27E87F0-78A1-4587-9731-F78F5043B1FF}.Debug|Any CPU.Build.0 = Debug|Any CPU
		{B27E87F0-78A1-4587-9731-F78F5043B1FF}.Release|Any CPU.ActiveCfg = Release|Any CPU
		{B27E87F0-78A1-4587-9731-F78F5043B1FF}.Release|Any CPU.Build.0 = Release|Any CPU
	EndGlobalSection
	GlobalSection(SolutionProperties) = preSolution
		HideSolutionNode = FALSE
	EndGlobalSection
	GlobalSection(ExtensibilityGlobals) = postSolution
		SolutionGuid = {EEEB72E0-3CBA-4C1B-9EC2-C4B68A2D252D}
	EndGlobalSection
EndGlobal
